
Microsoft Visual Studio Solution File, Format Version 12.00
# Visual Studio Version 17
VisualStudioVersion = 17.14.36518.9 d17.14
MinimumVisualStudioVersion = 10.0.40219.1
Project("{8BC9CEB8-8B4A-11D0-8D11-00A0C91BC942}") = "main.file", "main.file\main.file.vcxproj", "{8722C994-6517-485D-8E44-A49ACC9EE942}"
EndProject
Global
	GlobalSection(SolutionConfigurationPlatforms) = preSolution
		Debug|x64 = Debug|x64
		Debug|x86 = Debug|x86
		Release|x64 = Release|x64
		Release|x86 = Release|x86
	EndGlobalSection
	GlobalSection(ProjectConfigurationPlatforms) = postSolution
		{8722C994-6517-485D-8E44-A49ACC9EE942}.Debug|x64.ActiveCfg = Debug|x64
		{8722C994-6517-485D-8E44-A49ACC9EE942}.Debug|x64.Build.0 = Debug|x64
		{8722C994-6517-485D-8E44-A49ACC9EE942}.Debug|x86.ActiveCfg = Debug|Win32
		{8722C994-6517-485D-8E44-A49ACC9EE942}.Debug|x86.Build.0 = Debug|Win32
		{8722C994-6517-485D-8E44-A49ACC9EE942}.Release|x64.ActiveCfg = Release|x64
		{8722C994-6517-485D-8E44-A49ACC9EE942}.Release|x64.Build.0 = Release|x64
		{8722C994-6517-485D-8E44-A49ACC9EE942}.Release|x86.ActiveCfg = Release|Win32
		{8722C994-6517-485D-8E44-A49ACC9EE942}.Release|x86.Build.0 = Release|Win32
	EndGlobalSection
	GlobalSection(SolutionProperties) = preSolution
		HideSolutionNode = FALSE
	EndGlobalSection
	GlobalSection(ExtensibilityGlobals) = postSolution
		SolutionGuid = {72154D2C-2FDE-4C46-938C-33C90CA89038}
	EndGlobalSection
EndGlobal
